
Microsoft Visual Studio Solution File, Format Version 12.00
# Visual Studio Version 16
VisualStudioVersion = 16.0.32126.315
MinimumVisualStudioVersion = 10.0.40219.1
Project("{9A19103F-16F7-4668-BE54-9A1E7A4F7556}") = "simple-audio-editor", "simple-audio-editor\simple-audio-editor.csproj", "{1020D0B4-A80D-489E-8CF2-C5DE6D7715EF}"
EndProject
Project("{9A19103F-16F7-4668-BE54-9A1E7A4F7556}") = "simple-audio-editor.Tests", "simple-audio-editor.Tests\simple-audio-editor.Tests.csproj", "{E06D1BD7-5D40-48A7-A82A-7CEA0DA16496}"
EndProject
Project("{9A19103F-16F7-4668-BE54-9A1E7A4F7556}") = "simple-audio-editor-GUI", "simple-audio-editor-GUI\simple-audio-editor-GUI.csproj", "{57CB81CF-EE4E-4F97-91D5-68C99060D659}"
EndProject
Project("{FAE04EC0-301F-11D3-BF4B-00C04F79EFBC}") = "simple-audio-editor-GUI.Tests", "simple-audio-editor-GUI.Tests\simple-audio-editor-GUI.Tests.csproj", "{5904B815-A8E9-41C8-8F34-038A44BCF10B}"
EndProject
Global
	GlobalSection(SolutionConfigurationPlatforms) = preSolution
		Debug|Any CPU = Debug|Any CPU
		Release|Any CPU = Release|Any CPU
	EndGlobalSection
	GlobalSection(ProjectConfigurationPlatforms) = postSolution
		{1020D0B4-A80D-489E-8CF2-C5DE6D7715EF}.Debug|Any CPU.ActiveCfg = Debug|Any CPU
		{1020D0B4-A80D-489E-8CF2-C5DE6D7715EF}.Debug|Any CPU.Build.0 = Debug|Any CPU
		{1020D0B4-A80D-489E-8CF2-C5DE6D7715EF}.Release|Any CPU.ActiveCfg = Release|Any CPU
		{1020D0B4-A80D-489E-8CF2-C5DE6D7715EF}.Release|Any CPU.Build.0 = Release|Any CPU
		{E06D1BD7-5D40-48A7-A82A-7CEA0DA16496}.Debug|Any CPU.ActiveCfg = Debug|Any CPU
		{E06D1BD7-5D40-48A7-A82A-7CEA0DA16496}.Debug|Any CPU.Build.0 = Debug|Any CPU
		{E06D1BD7-5D40-48A7-A82A-7CEA0DA16496}.Release|Any CPU.ActiveCfg = Release|Any CPU
		{E06D1BD7-5D40-48A7-A82A-7CEA0DA16496}.Release|Any CPU.Build.0 = Release|Any CPU
		{57CB81CF-EE4E-4F97-91D5-68C99060D659}.Debug|Any CPU.ActiveCfg = Debug|Any CPU
		{57CB81CF-EE4E-4F97-91D5-68C99060D659}.Debug|Any CPU.Build.0 = Debug|Any CPU
		{57CB81CF-EE4E-4F97-91D5-68C99060D659}.Release|Any CPU.ActiveCfg = Release|Any CPU
		{57CB81CF-EE4E-4F97-91D5-68C99060D659}.Release|Any CPU.Build.0 = Release|Any CPU
		{5904B815-A8E9-41C8-8F34-038A44BCF10B}.Debug|Any CPU.ActiveCfg = Debug|Any CPU
		{5904B815-A8E9-41C8-8F34-038A44BCF10B}.Debug|Any CPU.Build.0 = Debug|Any CPU
		{5904B815-A8E9-41C8-8F34-038A44BCF10B}.Release|Any CPU.ActiveCfg = Release|Any CPU
		{5904B815-A8E9-41C8-8F34-038A44BCF10B}.Release|Any CPU.Build.0 = Release|Any CPU
	EndGlobalSection
	GlobalSection(SolutionProperties) = preSolution
		HideSolutionNode = FALSE
	EndGlobalSection
	GlobalSection(ExtensibilityGlobals) = postSolution
		SolutionGuid = {3C56F1D0-9304-4405-86C2-EB195ECD90F4}
	EndGlobalSection
EndGlobal
